
Microsoft Visual Studio Solution File, Format Version 12.00
Project("{FAE04EC0-301F-11D3-BF4B-00C04F79EFBC}") = "Budgetify", "Budgetify\Budgetify.csproj", "{8339A8AC-B8A7-4C5E-BD48-3847F0D6605B}"
EndProject
Project("{FAE04EC0-301F-11D3-BF4B-00C04F79EFBC}") = "Budegtify.Test", "Budegtify.Test\Budegtify.Test.csproj", "{CDCF4EA3-FDCC-4C26-AF53-5CBAF2D3595B}"
EndProject
Global
	GlobalSection(SolutionConfigurationPlatforms) = preSolution
		Debug|Any CPU = Debug|Any CPU
		Release|Any CPU = Release|Any CPU
	EndGlobalSection
	GlobalSection(ProjectConfigurationPlatforms) = postSolution
		{8339A8AC-B8A7-4C5E-BD48-3847F0D6605B}.Debug|Any CPU.ActiveCfg = Debug|Any CPU
		{8339A8AC-B8A7-4C5E-BD48-3847F0D6605B}.Debug|Any CPU.Build.0 = Debug|Any CPU
		{8339A8AC-B8A7-4C5E-BD48-3847F0D6605B}.Release|Any CPU.ActiveCfg = Release|Any CPU
		{8339A8AC-B8A7-4C5E-BD48-3847F0D6605B}.Release|Any CPU.Build.0 = Release|Any CPU
		{CDCF4EA3-FDCC-4C26-AF53-5CBAF2D3595B}.Debug|Any CPU.ActiveCfg = Debug|Any CPU
		{CDCF4EA3-FDCC-4C26-AF53-5CBAF2D3595B}.Debug|Any CPU.Build.0 = Debug|Any CPU
		{CDCF4EA3-FDCC-4C26-AF53-5CBAF2D3595B}.Release|Any CPU.ActiveCfg = Release|Any CPU
		{CDCF4EA3-FDCC-4C26-AF53-5CBAF2D3595B}.Release|Any CPU.Build.0 = Release|Any CPU
	EndGlobalSection
EndGlobal
